// !$*UTF8*$!
{
	archiveVersion = 1;
	classes = {
	};
	objectVersion = 55;
	objects = {

/* Begin PBXBuildFile section */
		0A85A007278C69DE00AFCC6D /* NSAttributedString+Ext.swift in Sources */ = {isa = PBXBuildFile; fileRef = 0A85A006278C69DE00AFCC6D /* NSAttributedString+Ext.swift */; };
		0A85A009278C6CB000AFCC6D /* RemoteImageSize.swift in Sources */ = {isa = PBXBuildFile; fileRef = 0A85A008278C6CB000AFCC6D /* RemoteImageSize.swift */; };
		0A85A00B278C6E7A00AFCC6D /* RemoteImageSourceBuilder.swift in Sources */ = {isa = PBXBuildFile; fileRef = 0A85A00A278C6E7A00AFCC6D /* RemoteImageSourceBuilder.swift */; };
		0A85A00D278C765000AFCC6D /* IncreaseTouchSpaceButton.swift in Sources */ = {isa = PBXBuildFile; fileRef = 0A85A00C278C765000AFCC6D /* IncreaseTouchSpaceButton.swift */; };
		0A85A00F278C7C5E00AFCC6D /* AudioPlayer.swift in Sources */ = {isa = PBXBuildFile; fileRef = 0A85A00E278C7C5D00AFCC6D /* AudioPlayer.swift */; };
		0A85A015278C964D00AFCC6D /* ViewLifecycleObserver.swift in Sources */ = {isa = PBXBuildFile; fileRef = 0A85A014278C964D00AFCC6D /* ViewLifecycleObserver.swift */; };
		0A85A018278C969500AFCC6D /* BaseViewController.swift in Sources */ = {isa = PBXBuildFile; fileRef = 0A85A017278C969500AFCC6D /* BaseViewController.swift */; };
		0A85A01A278C96F900AFCC6D /* Mirror+Ext.swift in Sources */ = {isa = PBXBuildFile; fileRef = 0A85A019278C96F900AFCC6D /* Mirror+Ext.swift */; };
		0A8C6F572785CAC200E74139 /* AppDelegate.swift in Sources */ = {isa = PBXBuildFile; fileRef = 0A8C6F562785CAC200E74139 /* AppDelegate.swift */; };
		0A8C6F5B2785CAC200E74139 /* SearchViewController.swift in Sources */ = {isa = PBXBuildFile; fileRef = 0A8C6F5A2785CAC200E74139 /* SearchViewController.swift */; };
		0A8C6F602785CAC600E74139 /* Assets.xcassets in Resources */ = {isa = PBXBuildFile; fileRef = 0A8C6F5F2785CAC600E74139 /* Assets.xcassets */; };
		0A8C6F6C2785CE9800E74139 /* SearchModulePresenter.swift in Sources */ = {isa = PBXBuildFile; fileRef = 0A8C6F6B2785CE9800E74139 /* SearchModulePresenter.swift */; };
		0A8C6F6E2785CEA900E74139 /* SearchModuleInteractor.swift in Sources */ = {isa = PBXBuildFile; fileRef = 0A8C6F6D2785CEA900E74139 /* SearchModuleInteractor.swift */; };
		0A8C6F702785CEB500E74139 /* SearchModuleAssembly.swift in Sources */ = {isa = PBXBuildFile; fileRef = 0A8C6F6F2785CEB500E74139 /* SearchModuleAssembly.swift */; };
		0A8C6F722785CEC400E74139 /* SearchModuleRouter.swift in Sources */ = {isa = PBXBuildFile; fileRef = 0A8C6F712785CEC400E74139 /* SearchModuleRouter.swift */; };
		0A8C6F762785CF5400E74139 /* BaseRouter.swift in Sources */ = {isa = PBXBuildFile; fileRef = 0A8C6F752785CF5400E74139 /* BaseRouter.swift */; };
		0A8C6F7E2786FFA800E74139 /* APIMethods.swift in Sources */ = {isa = PBXBuildFile; fileRef = 0A8C6F7D2786FFA800E74139 /* APIMethods.swift */; };
		0A8C6F802787040900E74139 /* APIVersion.swift in Sources */ = {isa = PBXBuildFile; fileRef = 0A8C6F7F2787040900E74139 /* APIVersion.swift */; };
		0A8C6F822787044400E74139 /* APIMethod.swift in Sources */ = {isa = PBXBuildFile; fileRef = 0A8C6F812787044400E74139 /* APIMethod.swift */; };
		0A8C6F842787048A00E74139 /* APIConfiguration.swift in Sources */ = {isa = PBXBuildFile; fileRef = 0A8C6F832787048A00E74139 /* APIConfiguration.swift */; };
		0A8C6F862787050400E74139 /* BaseNetworkService.swift in Sources */ = {isa = PBXBuildFile; fileRef = 0A8C6F852787050400E74139 /* BaseNetworkService.swift */; };
		0A8C6F8827870C3700E74139 /* NetworkRequest.swift in Sources */ = {isa = PBXBuildFile; fileRef = 0A8C6F8727870C3700E74139 /* NetworkRequest.swift */; };
		0A8C6F8C27870D2800E74139 /* ShowErrorTrait.swift in Sources */ = {isa = PBXBuildFile; fileRef = 0A8C6F8B27870D2800E74139 /* ShowErrorTrait.swift */; };
		0A8C6F8E2787107B00E74139 /* NetworkServicesAssembly.swift in Sources */ = {isa = PBXBuildFile; fileRef = 0A8C6F8D2787107B00E74139 /* NetworkServicesAssembly.swift */; };
		0A8C6F90278710C400E74139 /* SearchWordService.swift in Sources */ = {isa = PBXBuildFile; fileRef = 0A8C6F8F278710C400E74139 /* SearchWordService.swift */; };
		0A8C6F922787192C00E74139 /* APIKeys.swift in Sources */ = {isa = PBXBuildFile; fileRef = 0A8C6F912787192C00E74139 /* APIKeys.swift */; };
		0A8C6F952787200000E74139 /* SearchWordModel.swift in Sources */ = {isa = PBXBuildFile; fileRef = 0A8C6F942787200000E74139 /* SearchWordModel.swift */; };
		0A8C6F992788453F00E74139 /* SearchWordViewModel.swift in Sources */ = {isa = PBXBuildFile; fileRef = 0A8C6F982788453F00E74139 /* SearchWordViewModel.swift */; };
		0A8C6F9B2788455600E74139 /* SearchWordViewModelBuilder.swift in Sources */ = {isa = PBXBuildFile; fileRef = 0A8C6F9A2788455600E74139 /* SearchWordViewModelBuilder.swift */; };
		0A8C6F9E2788706400E74139 /* Cache.swift in Sources */ = {isa = PBXBuildFile; fileRef = 0A8C6F9D2788706400E74139 /* Cache.swift */; };
		0A8C6FA02788708800E74139 /* String+Ext.swift in Sources */ = {isa = PBXBuildFile; fileRef = 0A8C6F9F2788708800E74139 /* String+Ext.swift */; };
		0A8C6FA4278870F800E74139 /* DownloadableImageView.swift in Sources */ = {isa = PBXBuildFile; fileRef = 0A8C6FA3278870F800E74139 /* DownloadableImageView.swift */; };
		0A8C6FA62788712D00E74139 /* DownloadableCacheableTrait.swift in Sources */ = {isa = PBXBuildFile; fileRef = 0A8C6FA52788712D00E74139 /* DownloadableCacheableTrait.swift */; };
		0A8C6FA82789D18700E74139 /* UITableView+Ext.swift in Sources */ = {isa = PBXBuildFile; fileRef = 0A8C6FA72789D18700E74139 /* UITableView+Ext.swift */; };
		0A8C6FB52789D3E900E74139 /* Localizable.strings in Resources */ = {isa = PBXBuildFile; fileRef = 0A8C6FB32789D3E900E74139 /* Localizable.strings */; };
		0A8C6FB82789D45B00E74139 /* StringUtilities.swift in Sources */ = {isa = PBXBuildFile; fileRef = 0A8C6FB72789D45B00E74139 /* StringUtilities.swift */; };
		0A8C6FBA2789DD3200E74139 /* LoadableInput.swift in Sources */ = {isa = PBXBuildFile; fileRef = 0A8C6FB92789DD3200E74139 /* LoadableInput.swift */; };
		0A8C6FBC2789DD7600E74139 /* LoadableViewInput.swift in Sources */ = {isa = PBXBuildFile; fileRef = 0A8C6FBB2789DD7600E74139 /* LoadableViewInput.swift */; };
		0A8C6FBF2789E3DF00E74139 /* SearchTableCell.swift in Sources */ = {isa = PBXBuildFile; fileRef = 0A8C6FBE2789E3DF00E74139 /* SearchTableCell.swift */; };
		0A8C6FC3278AF2AD00E74139 /* DetailWordRouter.swift in Sources */ = {isa = PBXBuildFile; fileRef = 0A8C6FC2278AF2AD00E74139 /* DetailWordRouter.swift */; };
		0A8C6FC5278AF2B800E74139 /* DetailWordPresenter.swift in Sources */ = {isa = PBXBuildFile; fileRef = 0A8C6FC4278AF2B800E74139 /* DetailWordPresenter.swift */; };
		0A8C6FC7278AF2C300E74139 /* DetailWordInteractor.swift in Sources */ = {isa = PBXBuildFile; fileRef = 0A8C6FC6278AF2C300E74139 /* DetailWordInteractor.swift */; };
		0A8C6FC9278AF2CC00E74139 /* DetailWordAssembly.swift in Sources */ = {isa = PBXBuildFile; fileRef = 0A8C6FC8278AF2CC00E74139 /* DetailWordAssembly.swift */; };
		0A8C6FCB278AF2D800E74139 /* DetailWordController.swift in Sources */ = {isa = PBXBuildFile; fileRef = 0A8C6FCA278AF2D800E74139 /* DetailWordController.swift */; };
		0A8C6FCD278AFB5900E74139 /* DetailWordService.swift in Sources */ = {isa = PBXBuildFile; fileRef = 0A8C6FCC278AFB5900E74139 /* DetailWordService.swift */; };
		0A8C6FCF278B4AF200E74139 /* DetailWordModel.swift in Sources */ = {isa = PBXBuildFile; fileRef = 0A8C6FCE278B4AF100E74139 /* DetailWordModel.swift */; };
		0A8C6FD3278B4E5A00E74139 /* DetailWordMainInfoCell.swift in Sources */ = {isa = PBXBuildFile; fileRef = 0A8C6FD2278B4E5A00E74139 /* DetailWordMainInfoCell.swift */; };
		0A8C6FD5278B4E7E00E74139 /* DetailWordExampleCell.swift in Sources */ = {isa = PBXBuildFile; fileRef = 0A8C6FD4278B4E7E00E74139 /* DetailWordExampleCell.swift */; };
		0A8C6FD7278B4E9600E74139 /* DetailWordSimilarTranslationCell.swift in Sources */ = {isa = PBXBuildFile; fileRef = 0A8C6FD6278B4E9600E74139 /* DetailWordSimilarTranslationCell.swift */; };
		0A8C6FD9278B56F600E74139 /* DetailWordViewModelBuilder.swift in Sources */ = {isa = PBXBuildFile; fileRef = 0A8C6FD8278B56F600E74139 /* DetailWordViewModelBuilder.swift */; };
		0A8C6FDB278B570B00E74139 /* DetailWordViewModel.swift in Sources */ = {isa = PBXBuildFile; fileRef = 0A8C6FDA278B570B00E74139 /* DetailWordViewModel.swift */; };
/* End PBXBuildFile section */

/* Begin PBXFileReference section */
		0A85A006278C69DE00AFCC6D /* NSAttributedString+Ext.swift */ = {isa = PBXFileReference; lastKnownFileType = sourcecode.swift; path = "NSAttributedString+Ext.swift"; sourceTree = "<group>"; };
		0A85A008278C6CB000AFCC6D /* RemoteImageSize.swift */ = {isa = PBXFileReference; lastKnownFileType = sourcecode.swift; path = RemoteImageSize.swift; sourceTree = "<group>"; };
		0A85A00A278C6E7A00AFCC6D /* RemoteImageSourceBuilder.swift */ = {isa = PBXFileReference; lastKnownFileType = sourcecode.swift; path = RemoteImageSourceBuilder.swift; sourceTree = "<group>"; };
		0A85A00C278C765000AFCC6D /* IncreaseTouchSpaceButton.swift */ = {isa = PBXFileReference; lastKnownFileType = sourcecode.swift; path = IncreaseTouchSpaceButton.swift; sourceTree = "<group>"; };
		0A85A00E278C7C5D00AFCC6D /* AudioPlayer.swift */ = {isa = PBXFileReference; lastKnownFileType = sourcecode.swift; path = AudioPlayer.swift; sourceTree = "<group>"; };
		0A85A014278C964D00AFCC6D /* ViewLifecycleObserver.swift */ = {isa = PBXFileReference; lastKnownFileType = sourcecode.swift; path = ViewLifecycleObserver.swift; sourceTree = "<group>"; };
		0A85A017278C969500AFCC6D /* BaseViewController.swift */ = {isa = PBXFileReference; lastKnownFileType = sourcecode.swift; path = BaseViewController.swift; sourceTree = "<group>"; };
		0A85A019278C96F900AFCC6D /* Mirror+Ext.swift */ = {isa = PBXFileReference; lastKnownFileType = sourcecode.swift; path = "Mirror+Ext.swift"; sourceTree = "<group>"; };
		0A8C6F532785CAC200E74139 /* SkyengTestTask.app */ = {isa = PBXFileReference; explicitFileType = wrapper.application; includeInIndex = 0; path = SkyengTestTask.app; sourceTree = BUILT_PRODUCTS_DIR; };
		0A8C6F562785CAC200E74139 /* AppDelegate.swift */ = {isa = PBXFileReference; lastKnownFileType = sourcecode.swift; path = AppDelegate.swift; sourceTree = "<group>"; };
		0A8C6F5A2785CAC200E74139 /* SearchViewController.swift */ = {isa = PBXFileReference; lastKnownFileType = sourcecode.swift; path = SearchViewController.swift; sourceTree = "<group>"; };
		0A8C6F5F2785CAC600E74139 /* Assets.xcassets */ = {isa = PBXFileReference; lastKnownFileType = folder.assetcatalog; path = Assets.xcassets; sourceTree = "<group>"; };
		0A8C6F6B2785CE9800E74139 /* SearchModulePresenter.swift */ = {isa = PBXFileReference; lastKnownFileType = sourcecode.swift; path = SearchModulePresenter.swift; sourceTree = "<group>"; };
		0A8C6F6D2785CEA900E74139 /* SearchModuleInteractor.swift */ = {isa = PBXFileReference; lastKnownFileType = sourcecode.swift; path = SearchModuleInteractor.swift; sourceTree = "<group>"; };
		0A8C6F6F2785CEB500E74139 /* SearchModuleAssembly.swift */ = {isa = PBXFileReference; lastKnownFileType = sourcecode.swift; path = SearchModuleAssembly.swift; sourceTree = "<group>"; };
		0A8C6F712785CEC400E74139 /* SearchModuleRouter.swift */ = {isa = PBXFileReference; lastKnownFileType = sourcecode.swift; path = SearchModuleRouter.swift; sourceTree = "<group>"; };
		0A8C6F752785CF5400E74139 /* BaseRouter.swift */ = {isa = PBXFileReference; lastKnownFileType = sourcecode.swift; path = BaseRouter.swift; sourceTree = "<group>"; };
		0A8C6F7D2786FFA800E74139 /* APIMethods.swift */ = {isa = PBXFileReference; lastKnownFileType = sourcecode.swift; path = APIMethods.swift; sourceTree = "<group>"; };
		0A8C6F7F2787040900E74139 /* APIVersion.swift */ = {isa = PBXFileReference; lastKnownFileType = sourcecode.swift; path = APIVersion.swift; sourceTree = "<group>"; };
		0A8C6F812787044400E74139 /* APIMethod.swift */ = {isa = PBXFileReference; lastKnownFileType = sourcecode.swift; path = APIMethod.swift; sourceTree = "<group>"; };
		0A8C6F832787048A00E74139 /* APIConfiguration.swift */ = {isa = PBXFileReference; lastKnownFileType = sourcecode.swift; path = APIConfiguration.swift; sourceTree = "<group>"; };
		0A8C6F852787050400E74139 /* BaseNetworkService.swift */ = {isa = PBXFileReference; lastKnownFileType = sourcecode.swift; path = BaseNetworkService.swift; sourceTree = "<group>"; };
		0A8C6F8727870C3700E74139 /* NetworkRequest.swift */ = {isa = PBXFileReference; lastKnownFileType = sourcecode.swift; path = NetworkRequest.swift; sourceTree = "<group>"; };
		0A8C6F8B27870D2800E74139 /* ShowErrorTrait.swift */ = {isa = PBXFileReference; lastKnownFileType = sourcecode.swift; path = ShowErrorTrait.swift; sourceTree = "<group>"; };
		0A8C6F8D2787107B00E74139 /* NetworkServicesAssembly.swift */ = {isa = PBXFileReference; lastKnownFileType = sourcecode.swift; path = NetworkServicesAssembly.swift; sourceTree = "<group>"; };
		0A8C6F8F278710C400E74139 /* SearchWordService.swift */ = {isa = PBXFileReference; lastKnownFileType = sourcecode.swift; path = SearchWordService.swift; sourceTree = "<group>"; };
		0A8C6F912787192C00E74139 /* APIKeys.swift */ = {isa = PBXFileReference; lastKnownFileType = sourcecode.swift; path = APIKeys.swift; sourceTree = "<group>"; };
		0A8C6F942787200000E74139 /* SearchWordModel.swift */ = {isa = PBXFileReference; lastKnownFileType = sourcecode.swift; path = SearchWordModel.swift; sourceTree = "<group>"; };
		0A8C6F982788453F00E74139 /* SearchWordViewModel.swift */ = {isa = PBXFileReference; lastKnownFileType = sourcecode.swift; path = SearchWordViewModel.swift; sourceTree = "<group>"; };
		0A8C6F9A2788455600E74139 /* SearchWordViewModelBuilder.swift */ = {isa = PBXFileReference; lastKnownFileType = sourcecode.swift; path = SearchWordViewModelBuilder.swift; sourceTree = "<group>"; };
		0A8C6F9D2788706400E74139 /* Cache.swift */ = {isa = PBXFileReference; lastKnownFileType = sourcecode.swift; path = Cache.swift; sourceTree = "<group>"; };
		0A8C6F9F2788708800E74139 /* String+Ext.swift */ = {isa = PBXFileReference; lastKnownFileType = sourcecode.swift; path = "String+Ext.swift"; sourceTree = "<group>"; };
		0A8C6FA3278870F800E74139 /* DownloadableImageView.swift */ = {isa = PBXFileReference; lastKnownFileType = sourcecode.swift; path = DownloadableImageView.swift; sourceTree = "<group>"; };
		0A8C6FA52788712D00E74139 /* DownloadableCacheableTrait.swift */ = {isa = PBXFileReference; lastKnownFileType = sourcecode.swift; path = DownloadableCacheableTrait.swift; sourceTree = "<group>"; };
		0A8C6FA72789D18700E74139 /* UITableView+Ext.swift */ = {isa = PBXFileReference; lastKnownFileType = sourcecode.swift; path = "UITableView+Ext.swift"; sourceTree = "<group>"; };
		0A8C6FB42789D3E900E74139 /* ru */ = {isa = PBXFileReference; lastKnownFileType = text.plist.strings; name = ru; path = ru.lproj/Localizable.strings; sourceTree = "<group>"; };
		0A8C6FB72789D45B00E74139 /* StringUtilities.swift */ = {isa = PBXFileReference; lastKnownFileType = sourcecode.swift; path = StringUtilities.swift; sourceTree = "<group>"; };
		0A8C6FB92789DD3200E74139 /* LoadableInput.swift */ = {isa = PBXFileReference; lastKnownFileType = sourcecode.swift; path = LoadableInput.swift; sourceTree = "<group>"; };
		0A8C6FBB2789DD7600E74139 /* LoadableViewInput.swift */ = {isa = PBXFileReference; lastKnownFileType = sourcecode.swift; path = LoadableViewInput.swift; sourceTree = "<group>"; };
		0A8C6FBE2789E3DF00E74139 /* SearchTableCell.swift */ = {isa = PBXFileReference; lastKnownFileType = sourcecode.swift; path = SearchTableCell.swift; sourceTree = "<group>"; };
		0A8C6FC2278AF2AD00E74139 /* DetailWordRouter.swift */ = {isa = PBXFileReference; lastKnownFileType = sourcecode.swift; path = DetailWordRouter.swift; sourceTree = "<group>"; };
		0A8C6FC4278AF2B800E74139 /* DetailWordPresenter.swift */ = {isa = PBXFileReference; lastKnownFileType = sourcecode.swift; path = DetailWordPresenter.swift; sourceTree = "<group>"; };
		0A8C6FC6278AF2C300E74139 /* DetailWordInteractor.swift */ = {isa = PBXFileReference; lastKnownFileType = sourcecode.swift; path = DetailWordInteractor.swift; sourceTree = "<group>"; };
		0A8C6FC8278AF2CC00E74139 /* DetailWordAssembly.swift */ = {isa = PBXFileReference; lastKnownFileType = sourcecode.swift; path = DetailWordAssembly.swift; sourceTree = "<group>"; };
		0A8C6FCA278AF2D800E74139 /* DetailWordController.swift */ = {isa = PBXFileReference; lastKnownFileType = sourcecode.swift; path = DetailWordController.swift; sourceTree = "<group>"; };
		0A8C6FCC278AFB5900E74139 /* DetailWordService.swift */ = {isa = PBXFileReference; lastKnownFileType = sourcecode.swift; path = DetailWordService.swift; sourceTree = "<group>"; };
		0A8C6FCE278B4AF100E74139 /* DetailWordModel.swift */ = {isa = PBXFileReference; lastKnownFileType = sourcecode.swift; path = DetailWordModel.swift; sourceTree = "<group>"; };
		0A8C6FD2278B4E5A00E74139 /* DetailWordMainInfoCell.swift */ = {isa = PBXFileReference; lastKnownFileType = sourcecode.swift; path = DetailWordMainInfoCell.swift; sourceTree = "<group>"; };
		0A8C6FD4278B4E7E00E74139 /* DetailWordExampleCell.swift */ = {isa = PBXFileReference; lastKnownFileType = sourcecode.swift; path = DetailWordExampleCell.swift; sourceTree = "<group>"; };
		0A8C6FD6278B4E9600E74139 /* DetailWordSimilarTranslationCell.swift */ = {isa = PBXFileReference; lastKnownFileType = sourcecode.swift; path = DetailWordSimilarTranslationCell.swift; sourceTree = "<group>"; };
		0A8C6FD8278B56F600E74139 /* DetailWordViewModelBuilder.swift */ = {isa = PBXFileReference; lastKnownFileType = sourcecode.swift; path = DetailWordViewModelBuilder.swift; sourceTree = "<group>"; };
		0A8C6FDA278B570B00E74139 /* DetailWordViewModel.swift */ = {isa = PBXFileReference; lastKnownFileType = sourcecode.swift; path = DetailWordViewModel.swift; sourceTree = "<group>"; };
/* End PBXFileReference section */

/* Begin PBXFrameworksBuildPhase section */
		0A8C6F502785CAC100E74139 /* Frameworks */ = {
			isa = PBXFrameworksBuildPhase;
			buildActionMask = 2147483647;
			files = (
			);
			runOnlyForDeploymentPostprocessing = 0;
		};
/* End PBXFrameworksBuildPhase section */

/* Begin PBXGroup section */
		0A85A016278C968700AFCC6D /* Controllers */ = {
			isa = PBXGroup;
			children = (
				0A85A017278C969500AFCC6D /* BaseViewController.swift */,
			);
			path = Controllers;
			sourceTree = "<group>";
		};
		0A8C6F4A2785CAC100E74139 = {
			isa = PBXGroup;
			children = (
				0A8C6F552785CAC200E74139 /* SkyengTestTask */,
				0A8C6F542785CAC200E74139 /* Products */,
			);
			sourceTree = "<group>";
		};
		0A8C6F542785CAC200E74139 /* Products */ = {
			isa = PBXGroup;
			children = (
				0A8C6F532785CAC200E74139 /* SkyengTestTask.app */,
			);
			name = Products;
			sourceTree = "<group>";
		};
		0A8C6F552785CAC200E74139 /* SkyengTestTask */ = {
			isa = PBXGroup;
			children = (
				0A8C6F562785CAC200E74139 /* AppDelegate.swift */,
				0A8C6F772786F41E00E74139 /* Services */,
				0A8C6F732785CF3D00E74139 /* Common */,
				0A8C6F8927870D0900E74139 /* Protocols */,
				0A8C6F692785CE3F00E74139 /* Modules */,
				0A8C6F9327871FEA00E74139 /* Models */,
				0A8C6F972788451E00E74139 /* ViewModels */,
				0A8C6FC0278A3CE400E74139 /* Resource */,
			);
			path = SkyengTestTask;
			sourceTree = "<group>";
		};
		0A8C6F692785CE3F00E74139 /* Modules */ = {
			isa = PBXGroup;
			children = (
				0A8C6FC1278AF28400E74139 /* DetailWordModule */,
				0A8C6F6A2785CE7700E74139 /* SearchModule */,
			);
			path = Modules;
			sourceTree = "<group>";
		};
		0A8C6F6A2785CE7700E74139 /* SearchModule */ = {
			isa = PBXGroup;
			children = (
				0A8C6FBD2789E3D200E74139 /* View */,
				0A8C6F6B2785CE9800E74139 /* SearchModulePresenter.swift */,
				0A8C6F6D2785CEA900E74139 /* SearchModuleInteractor.swift */,
				0A8C6F6F2785CEB500E74139 /* SearchModuleAssembly.swift */,
				0A8C6F712785CEC400E74139 /* SearchModuleRouter.swift */,
			);
			path = SearchModule;
			sourceTree = "<group>";
		};
		0A8C6F732785CF3D00E74139 /* Common */ = {
			isa = PBXGroup;
			children = (
				0A8C6F962788450A00E74139 /* Builders */,
				0A85A016278C968700AFCC6D /* Controllers */,
				0A8C6F7C2786FF8E00E74139 /* Enum and types */,
				0A8C6F792786F55E00E74139 /* Extension */,
				0A8C6F9C2788704B00E74139 /* Helpers */,
				0A8C6F742785CF4800E74139 /* Routers */,
				0A8C6FB62789D44D00E74139 /* Utilities */,
				0A8C6FA1278870C300E74139 /* View */,
			);
			path = Common;
			sourceTree = "<group>";
		};
		0A8C6F742785CF4800E74139 /* Routers */ = {
			isa = PBXGroup;
			children = (
				0A8C6F752785CF5400E74139 /* BaseRouter.swift */,
			);
			path = Routers;
			sourceTree = "<group>";
		};
		0A8C6F772786F41E00E74139 /* Services */ = {
			isa = PBXGroup;
			children = (
				0A8C6F782786F42D00E74139 /* NetworkServices */,
			);
			path = Services;
			sourceTree = "<group>";
		};
		0A8C6F782786F42D00E74139 /* NetworkServices */ = {
			isa = PBXGroup;
			children = (
				0A8C6F852787050400E74139 /* BaseNetworkService.swift */,
				0A8C6F8727870C3700E74139 /* NetworkRequest.swift */,
				0A8C6F8D2787107B00E74139 /* NetworkServicesAssembly.swift */,
				0A8C6F8F278710C400E74139 /* SearchWordService.swift */,
				0A8C6FCC278AFB5900E74139 /* DetailWordService.swift */,
			);
			path = NetworkServices;
			sourceTree = "<group>";
		};
		0A8C6F792786F55E00E74139 /* Extension */ = {
			isa = PBXGroup;
			children = (
				0A8C6F9F2788708800E74139 /* String+Ext.swift */,
				0A85A019278C96F900AFCC6D /* Mirror+Ext.swift */,
				0A85A006278C69DE00AFCC6D /* NSAttributedString+Ext.swift */,
				0A8C6FA72789D18700E74139 /* UITableView+Ext.swift */,
			);
			path = Extension;
			sourceTree = "<group>";
		};
		0A8C6F7C2786FF8E00E74139 /* Enum and types */ = {
			isa = PBXGroup;
			children = (
				0A8C6F7D2786FFA800E74139 /* APIMethods.swift */,
				0A8C6F7F2787040900E74139 /* APIVersion.swift */,
				0A8C6F812787044400E74139 /* APIMethod.swift */,
				0A8C6F912787192C00E74139 /* APIKeys.swift */,
				0A8C6F832787048A00E74139 /* APIConfiguration.swift */,
				0A85A008278C6CB000AFCC6D /* RemoteImageSize.swift */,
			);
			path = "Enum and types";
			sourceTree = "<group>";
		};
		0A8C6F8927870D0900E74139 /* Protocols */ = {
			isa = PBXGroup;
			children = (
				0A8C6F8A27870D1400E74139 /* Trait */,
				0A8C6FB92789DD3200E74139 /* LoadableInput.swift */,
				0A85A014278C964D00AFCC6D /* ViewLifecycleObserver.swift */,
				0A8C6FBB2789DD7600E74139 /* LoadableViewInput.swift */,
			);
			path = Protocols;
			sourceTree = "<group>";
		};
		0A8C6F8A27870D1400E74139 /* Trait */ = {
			isa = PBXGroup;
			children = (
				0A8C6F8B27870D2800E74139 /* ShowErrorTrait.swift */,
				0A8C6FA52788712D00E74139 /* DownloadableCacheableTrait.swift */,
			);
			path = Trait;
			sourceTree = "<group>";
		};
		0A8C6F9327871FEA00E74139 /* Models */ = {
			isa = PBXGroup;
			children = (
				0A8C6F942787200000E74139 /* SearchWordModel.swift */,
				0A8C6FCE278B4AF100E74139 /* DetailWordModel.swift */,
			);
			path = Models;
			sourceTree = "<group>";
		};
		0A8C6F962788450A00E74139 /* Builders */ = {
			isa = PBXGroup;
			children = (
				0A8C6F9A2788455600E74139 /* SearchWordViewModelBuilder.swift */,
				0A8C6FD8278B56F600E74139 /* DetailWordViewModelBuilder.swift */,
				0A85A00A278C6E7A00AFCC6D /* RemoteImageSourceBuilder.swift */,
			);
			path = Builders;
			sourceTree = "<group>";
		};
		0A8C6F972788451E00E74139 /* ViewModels */ = {
			isa = PBXGroup;
			children = (
				0A8C6F982788453F00E74139 /* SearchWordViewModel.swift */,
				0A8C6FDA278B570B00E74139 /* DetailWordViewModel.swift */,
			);
			path = ViewModels;
			sourceTree = "<group>";
		};
		0A8C6F9C2788704B00E74139 /* Helpers */ = {
			isa = PBXGroup;
			children = (
				0A8C6F9D2788706400E74139 /* Cache.swift */,
				0A85A00E278C7C5D00AFCC6D /* AudioPlayer.swift */,
			);
			path = Helpers;
			sourceTree = "<group>";
		};
		0A8C6FA1278870C300E74139 /* View */ = {
			isa = PBXGroup;
			children = (
				0A8C6FA3278870F800E74139 /* DownloadableImageView.swift */,
				0A85A00C278C765000AFCC6D /* IncreaseTouchSpaceButton.swift */,
			);
			path = View;
			sourceTree = "<group>";
		};
		0A8C6FB62789D44D00E74139 /* Utilities */ = {
			isa = PBXGroup;
			children = (
				0A8C6FB72789D45B00E74139 /* StringUtilities.swift */,
			);
			path = Utilities;
			sourceTree = "<group>";
		};
		0A8C6FBD2789E3D200E74139 /* View */ = {
			isa = PBXGroup;
			children = (
				0A8C6F5A2785CAC200E74139 /* SearchViewController.swift */,
				0A8C6FBE2789E3DF00E74139 /* SearchTableCell.swift */,
			);
			path = View;
			sourceTree = "<group>";
		};
		0A8C6FC0278A3CE400E74139 /* Resource */ = {
			isa = PBXGroup;
			children = (
				0A8C6F5F2785CAC600E74139 /* Assets.xcassets */,
				0A8C6FB32789D3E900E74139 /* Localizable.strings */,
			);
			path = Resource;
			sourceTree = "<group>";
		};
		0A8C6FC1278AF28400E74139 /* DetailWordModule */ = {
			isa = PBXGroup;
			children = (
				0A8C6FC2278AF2AD00E74139 /* DetailWordRouter.swift */,
				0A8C6FC4278AF2B800E74139 /* DetailWordPresenter.swift */,
				0A8C6FC6278AF2C300E74139 /* DetailWordInteractor.swift */,
				0A8C6FC8278AF2CC00E74139 /* DetailWordAssembly.swift */,
				0A8C6FD0278B4E0200E74139 /* View */,
			);
			path = DetailWordModule;
			sourceTree = "<group>";
		};
		0A8C6FD0278B4E0200E74139 /* View */ = {
			isa = PBXGroup;
			children = (
				0A8C6FCA278AF2D800E74139 /* DetailWordController.swift */,
				0A8C6FD1278B4E3B00E74139 /* Cell */,
			);
			path = View;
			sourceTree = "<group>";
		};
		0A8C6FD1278B4E3B00E74139 /* Cell */ = {
			isa = PBXGroup;
			children = (
				0A8C6FD2278B4E5A00E74139 /* DetailWordMainInfoCell.swift */,
				0A8C6FD4278B4E7E00E74139 /* DetailWordExampleCell.swift */,
				0A8C6FD6278B4E9600E74139 /* DetailWordSimilarTranslationCell.swift */,
			);
			path = Cell;
			sourceTree = "<group>";
		};
/* End PBXGroup section */

/* Begin PBXNativeTarget section */
		0A8C6F522785CAC100E74139 /* SkyengTestTask */ = {
			isa = PBXNativeTarget;
			buildConfigurationList = 0A8C6F662785CAC600E74139 /* Build configuration list for PBXNativeTarget "SkyengTestTask" */;
			buildPhases = (
				0A8C6F4F2785CAC100E74139 /* Sources */,
				0A8C6F502785CAC100E74139 /* Frameworks */,
				0A8C6F512785CAC100E74139 /* Resources */,
			);
			buildRules = (
			);
			dependencies = (
			);
			name = SkyengTestTask;
			productName = SkyengTestTask;
			productReference = 0A8C6F532785CAC200E74139 /* SkyengTestTask.app */;
			productType = "com.apple.product-type.application";
		};
/* End PBXNativeTarget section */

/* Begin PBXProject section */
		0A8C6F4B2785CAC100E74139 /* Project object */ = {
			isa = PBXProject;
			attributes = {
				BuildIndependentTargetsInParallel = 1;
				LastSwiftUpdateCheck = 1320;
				LastUpgradeCheck = 1320;
				TargetAttributes = {
					0A8C6F522785CAC100E74139 = {
						CreatedOnToolsVersion = 13.2.1;
					};
				};
			};
			buildConfigurationList = 0A8C6F4E2785CAC100E74139 /* Build configuration list for PBXProject "SkyengTestTask" */;
			compatibilityVersion = "Xcode 13.0";
			developmentRegion = en;
			hasScannedForEncodings = 0;
			knownRegions = (
				en,
				Base,
				ru,
			);
			mainGroup = 0A8C6F4A2785CAC100E74139;
			productRefGroup = 0A8C6F542785CAC200E74139 /* Products */;
			projectDirPath = "";
			projectRoot = "";
			targets = (
				0A8C6F522785CAC100E74139 /* SkyengTestTask */,
			);
		};
/* End PBXProject section */

/* Begin PBXResourcesBuildPhase section */
		0A8C6F512785CAC100E74139 /* Resources */ = {
			isa = PBXResourcesBuildPhase;
			buildActionMask = 2147483647;
			files = (
				0A8C6F602785CAC600E74139 /* Assets.xcassets in Resources */,
				0A8C6FB52789D3E900E74139 /* Localizable.strings in Resources */,
			);
			runOnlyForDeploymentPostprocessing = 0;
		};
/* End PBXResourcesBuildPhase section */

/* Begin PBXSourcesBuildPhase section */
		0A8C6F4F2785CAC100E74139 /* Sources */ = {
			isa = PBXSourcesBuildPhase;
			buildActionMask = 2147483647;
			files = (
				0A8C6FA4278870F800E74139 /* DownloadableImageView.swift in Sources */,
				0A8C6F8827870C3700E74139 /* NetworkRequest.swift in Sources */,
				0A8C6FD9278B56F600E74139 /* DetailWordViewModelBuilder.swift in Sources */,
				0A85A007278C69DE00AFCC6D /* NSAttributedString+Ext.swift in Sources */,
				0A8C6F722785CEC400E74139 /* SearchModuleRouter.swift in Sources */,
				0A8C6FBA2789DD3200E74139 /* LoadableInput.swift in Sources */,
				0A85A015278C964D00AFCC6D /* ViewLifecycleObserver.swift in Sources */,
				0A8C6F702785CEB500E74139 /* SearchModuleAssembly.swift in Sources */,
				0A85A00D278C765000AFCC6D /* IncreaseTouchSpaceButton.swift in Sources */,
				0A8C6FBC2789DD7600E74139 /* LoadableViewInput.swift in Sources */,
				0A8C6FCB278AF2D800E74139 /* DetailWordController.swift in Sources */,
				0A8C6F7E2786FFA800E74139 /* APIMethods.swift in Sources */,
				0A8C6F9B2788455600E74139 /* SearchWordViewModelBuilder.swift in Sources */,
				0A8C6FA62788712D00E74139 /* DownloadableCacheableTrait.swift in Sources */,
				0A8C6F802787040900E74139 /* APIVersion.swift in Sources */,
				0A8C6F90278710C400E74139 /* SearchWordService.swift in Sources */,
				0A8C6F762785CF5400E74139 /* BaseRouter.swift in Sources */,
				0A8C6FD5278B4E7E00E74139 /* DetailWordExampleCell.swift in Sources */,
				0A85A00B278C6E7A00AFCC6D /* RemoteImageSourceBuilder.swift in Sources */,
				0A8C6F992788453F00E74139 /* SearchWordViewModel.swift in Sources */,
				0A8C6FD7278B4E9600E74139 /* DetailWordSimilarTranslationCell.swift in Sources */,
				0A8C6F922787192C00E74139 /* APIKeys.swift in Sources */,
				0A8C6FA02788708800E74139 /* String+Ext.swift in Sources */,
				0A8C6FCF278B4AF200E74139 /* DetailWordModel.swift in Sources */,
				0A8C6FDB278B570B00E74139 /* DetailWordViewModel.swift in Sources */,
				0A8C6F862787050400E74139 /* BaseNetworkService.swift in Sources */,
				0A8C6F952787200000E74139 /* SearchWordModel.swift in Sources */,
				0A8C6F6C2785CE9800E74139 /* SearchModulePresenter.swift in Sources */,
				0A8C6F9E2788706400E74139 /* Cache.swift in Sources */,
				0A85A018278C969500AFCC6D /* BaseViewController.swift in Sources */,
				0A8C6FCD278AFB5900E74139 /* DetailWordService.swift in Sources */,
				0A85A00F278C7C5E00AFCC6D /* AudioPlayer.swift in Sources */,
				0A8C6F5B2785CAC200E74139 /* SearchViewController.swift in Sources */,
				0A8C6F842787048A00E74139 /* APIConfiguration.swift in Sources */,
				0A8C6F8E2787107B00E74139 /* NetworkServicesAssembly.swift in Sources */,
				0A8C6F8C27870D2800E74139 /* ShowErrorTrait.swift in Sources */,
				0A8C6FB82789D45B00E74139 /* StringUtilities.swift in Sources */,
				0A85A01A278C96F900AFCC6D /* Mirror+Ext.swift in Sources */,
				0A8C6F6E2785CEA900E74139 /* SearchModuleInteractor.swift in Sources */,
				0A8C6FC3278AF2AD00E74139 /* DetailWordRouter.swift in Sources */,
				0A8C6FA82789D18700E74139 /* UITableView+Ext.swift in Sources */,
				0A8C6FC5278AF2B800E74139 /* DetailWordPresenter.swift in Sources */,
				0A8C6FC9278AF2CC00E74139 /* DetailWordAssembly.swift in Sources */,
				0A8C6F822787044400E74139 /* APIMethod.swift in Sources */,
				0A8C6FBF2789E3DF00E74139 /* SearchTableCell.swift in Sources */,
				0A8C6FD3278B4E5A00E74139 /* DetailWordMainInfoCell.swift in Sources */,
				0A8C6F572785CAC200E74139 /* AppDelegate.swift in Sources */,
				0A85A009278C6CB000AFCC6D /* RemoteImageSize.swift in Sources */,
				0A8C6FC7278AF2C300E74139 /* DetailWordInteractor.swift in Sources */,
			);
			runOnlyForDeploymentPostprocessing = 0;
		};
/* End PBXSourcesBuildPhase section */

/* Begin PBXVariantGroup section */
		0A8C6FB32789D3E900E74139 /* Localizable.strings */ = {
			isa = PBXVariantGroup;
			children = (
				0A8C6FB42789D3E900E74139 /* ru */,
			);
			name = Localizable.strings;
			sourceTree = "<group>";
		};
/* End PBXVariantGroup section */

/* Begin XCBuildConfiguration section */
		0A8C6F642785CAC600E74139 /* Debug */ = {
			isa = XCBuildConfiguration;
			buildSettings = {
				ALWAYS_SEARCH_USER_PATHS = NO;
				CLANG_ANALYZER_NONNULL = YES;
				CLANG_ANALYZER_NUMBER_OBJECT_CONVERSION = YES_AGGRESSIVE;
				CLANG_CXX_LANGUAGE_STANDARD = "gnu++17";
				CLANG_CXX_LIBRARY = "libc++";
				CLANG_ENABLE_MODULES = YES;
				CLANG_ENABLE_OBJC_ARC = YES;
				CLANG_ENABLE_OBJC_WEAK = YES;
				CLANG_WARN_BLOCK_CAPTURE_AUTORELEASING = YES;
				CLANG_WARN_BOOL_CONVERSION = YES;
				CLANG_WARN_COMMA = YES;
				CLANG_WARN_CONSTANT_CONVERSION = YES;
				CLANG_WARN_DEPRECATED_OBJC_IMPLEMENTATIONS = YES;
				CLANG_WARN_DIRECT_OBJC_ISA_USAGE = YES_ERROR;
				CLANG_WARN_DOCUMENTATION_COMMENTS = YES;
				CLANG_WARN_EMPTY_BODY = YES;
				CLANG_WARN_ENUM_CONVERSION = YES;
				CLANG_WARN_INFINITE_RECURSION = YES;
				CLANG_WARN_INT_CONVERSION = YES;
				CLANG_WARN_NON_LITERAL_NULL_CONVERSION = YES;
				CLANG_WARN_OBJC_IMPLICIT_RETAIN_SELF = YES;
				CLANG_WARN_OBJC_LITERAL_CONVERSION = YES;
				CLANG_WARN_OBJC_ROOT_CLASS = YES_ERROR;
				CLANG_WARN_QUOTED_INCLUDE_IN_FRAMEWORK_HEADER = YES;
				CLANG_WARN_RANGE_LOOP_ANALYSIS = YES;
				CLANG_WARN_STRICT_PROTOTYPES = YES;
				CLANG_WARN_SUSPICIOUS_MOVE = YES;
				CLANG_WARN_UNGUARDED_AVAILABILITY = YES_AGGRESSIVE;
				CLANG_WARN_UNREACHABLE_CODE = YES;
				CLANG_WARN__DUPLICATE_METHOD_MATCH = YES;
				COPY_PHASE_STRIP = NO;
				DEBUG_INFORMATION_FORMAT = dwarf;
				ENABLE_STRICT_OBJC_MSGSEND = YES;
				ENABLE_TESTABILITY = YES;
				GCC_C_LANGUAGE_STANDARD = gnu11;
				GCC_DYNAMIC_NO_PIC = NO;
				GCC_NO_COMMON_BLOCKS = YES;
				GCC_OPTIMIZATION_LEVEL = 0;
				GCC_PREPROCESSOR_DEFINITIONS = (
					"DEBUG=1",
					"$(inherited)",
				);
				GCC_WARN_64_TO_32_BIT_CONVERSION = YES;
				GCC_WARN_ABOUT_RETURN_TYPE = YES_ERROR;
				GCC_WARN_UNDECLARED_SELECTOR = YES;
				GCC_WARN_UNINITIALIZED_AUTOS = YES_AGGRESSIVE;
				GCC_WARN_UNUSED_FUNCTION = YES;
				GCC_WARN_UNUSED_VARIABLE = YES;
				IPHONEOS_DEPLOYMENT_TARGET = 12.3;
				MTL_ENABLE_DEBUG_INFO = INCLUDE_SOURCE;
				MTL_FAST_MATH = YES;
				ONLY_ACTIVE_ARCH = YES;
				SDKROOT = iphoneos;
				SWIFT_ACTIVE_COMPILATION_CONDITIONS = DEBUG;
				SWIFT_OPTIMIZATION_LEVEL = "-Onone";
			};
			name = Debug;
		};
		0A8C6F652785CAC600E74139 /* Release */ = {
			isa = XCBuildConfiguration;
			buildSettings = {
				ALWAYS_SEARCH_USER_PATHS = NO;
				CLANG_ANALYZER_NONNULL = YES;
				CLANG_ANALYZER_NUMBER_OBJECT_CONVERSION = YES_AGGRESSIVE;
				CLANG_CXX_LANGUAGE_STANDARD = "gnu++17";
				CLANG_CXX_LIBRARY = "libc++";
				CLANG_ENABLE_MODULES = YES;
				CLANG_ENABLE_OBJC_ARC = YES;
				CLANG_ENABLE_OBJC_WEAK = YES;
				CLANG_WARN_BLOCK_CAPTURE_AUTORELEASING = YES;
				CLANG_WARN_BOOL_CONVERSION = YES;
				CLANG_WARN_COMMA = YES;
				CLANG_WARN_CONSTANT_CONVERSION = YES;
				CLANG_WARN_DEPRECATED_OBJC_IMPLEMENTATIONS = YES;
				CLANG_WARN_DIRECT_OBJC_ISA_USAGE = YES_ERROR;
				CLANG_WARN_DOCUMENTATION_COMMENTS = YES;
				CLANG_WARN_EMPTY_BODY = YES;
				CLANG_WARN_ENUM_CONVERSION = YES;
				CLANG_WARN_INFINITE_RECURSION = YES;
				CLANG_WARN_INT_CONVERSION = YES;
				CLANG_WARN_NON_LITERAL_NULL_CONVERSION = YES;
				CLANG_WARN_OBJC_IMPLICIT_RETAIN_SELF = YES;
				CLANG_WARN_OBJC_LITERAL_CONVERSION = YES;
				CLANG_WARN_OBJC_ROOT_CLASS = YES_ERROR;
				CLANG_WARN_QUOTED_INCLUDE_IN_FRAMEWORK_HEADER = YES;
				CLANG_WARN_RANGE_LOOP_ANALYSIS = YES;
				CLANG_WARN_STRICT_PROTOTYPES = YES;
				CLANG_WARN_SUSPICIOUS_MOVE = YES;
				CLANG_WARN_UNGUARDED_AVAILABILITY = YES_AGGRESSIVE;
				CLANG_WARN_UNREACHABLE_CODE = YES;
				CLANG_WARN__DUPLICATE_METHOD_MATCH = YES;
				COPY_PHASE_STRIP = NO;
				DEBUG_INFORMATION_FORMAT = "dwarf-with-dsym";
				ENABLE_NS_ASSERTIONS = NO;
				ENABLE_STRICT_OBJC_MSGSEND = YES;
				GCC_C_LANGUAGE_STANDARD = gnu11;
				GCC_NO_COMMON_BLOCKS = YES;
				GCC_WARN_64_TO_32_BIT_CONVERSION = YES;
				GCC_WARN_ABOUT_RETURN_TYPE = YES_ERROR;
				GCC_WARN_UNDECLARED_SELECTOR = YES;
				GCC_WARN_UNINITIALIZED_AUTOS = YES_AGGRESSIVE;
				GCC_WARN_UNUSED_FUNCTION = YES;
				GCC_WARN_UNUSED_VARIABLE = YES;
				IPHONEOS_DEPLOYMENT_TARGET = 12.3;
				MTL_ENABLE_DEBUG_INFO = NO;
				MTL_FAST_MATH = YES;
				SDKROOT = iphoneos;
				SWIFT_COMPILATION_MODE = wholemodule;
				SWIFT_OPTIMIZATION_LEVEL = "-O";
				VALIDATE_PRODUCT = YES;
			};
			name = Release;
		};
		0A8C6F672785CAC600E74139 /* Debug */ = {
			isa = XCBuildConfiguration;
			buildSettings = {
				ASSETCATALOG_COMPILER_APPICON_NAME = AppIcon;
				ASSETCATALOG_COMPILER_GLOBAL_ACCENT_COLOR_NAME = AccentColor;
				CODE_SIGN_STYLE = Automatic;
				CURRENT_PROJECT_VERSION = 1;
				DEVELOPMENT_TEAM = 6T5J3J8NFX;
				GENERATE_INFOPLIST_FILE = YES;
				INFOPLIST_KEY_UIApplicationSupportsIndirectInputEvents = YES;
				INFOPLIST_KEY_UILaunchStoryboardName = LaunchScreen;
				INFOPLIST_KEY_UIStatusBarHidden = YES;
				INFOPLIST_KEY_UISupportedInterfaceOrientations = "UIInterfaceOrientationLandscapeLeft UIInterfaceOrientationLandscapeRight UIInterfaceOrientationPortrait";
				INFOPLIST_KEY_UISupportedInterfaceOrientations_iPad = "UIInterfaceOrientationPortrait UIInterfaceOrientationPortraitUpsideDown UIInterfaceOrientationLandscapeLeft UIInterfaceOrientationLandscapeRight";
				INFOPLIST_KEY_UISupportedInterfaceOrientations_iPhone = "UIInterfaceOrientationPortrait UIInterfaceOrientationLandscapeLeft UIInterfaceOrientationLandscapeRight";
				LD_RUNPATH_SEARCH_PATHS = (
					"$(inherited)",
					"@executable_path/Frameworks",
				);
				MARKETING_VERSION = 1.0;
				PRODUCT_BUNDLE_IDENTIFIER = ru.dmitryX.SkyengTestTask;
				PRODUCT_NAME = "$(TARGET_NAME)";
				SWIFT_EMIT_LOC_STRINGS = YES;
				SWIFT_VERSION = 5.0;
				TARGETED_DEVICE_FAMILY = 1;
			};
			name = Debug;
		};
		0A8C6F682785CAC600E74139 /* Release */ = {
			isa = XCBuildConfiguration;
			buildSettings = {
				ASSETCATALOG_COMPILER_APPICON_NAME = AppIcon;
				ASSETCATALOG_COMPILER_GLOBAL_ACCENT_COLOR_NAME = AccentColor;
				CODE_SIGN_STYLE = Automatic;
				CURRENT_PROJECT_VERSION = 1;
				DEVELOPMENT_TEAM = 6T5J3J8NFX;
				GENERATE_INFOPLIST_FILE = YES;
				INFOPLIST_KEY_UIApplicationSupportsIndirectInputEvents = YES;
				INFOPLIST_KEY_UILaunchStoryboardName = LaunchScreen;
				INFOPLIST_KEY_UIStatusBarHidden = YES;
				INFOPLIST_KEY_UISupportedInterfaceOrientations = "UIInterfaceOrientationLandscapeLeft UIInterfaceOrientationLandscapeRight UIInterfaceOrientationPortrait";
				INFOPLIST_KEY_UISupportedInterfaceOrientations_iPad = "UIInterfaceOrientationPortrait UIInterfaceOrientationPortraitUpsideDown UIInterfaceOrientationLandscapeLeft UIInterfaceOrientationLandscapeRight";
				INFOPLIST_KEY_UISupportedInterfaceOrientations_iPhone = "UIInterfaceOrientationPortrait UIInterfaceOrientationLandscapeLeft UIInterfaceOrientationLandscapeRight";
				LD_RUNPATH_SEARCH_PATHS = (
					"$(inherited)",
					"@executable_path/Frameworks",
				);
				MARKETING_VERSION = 1.0;
				PRODUCT_BUNDLE_IDENTIFIER = ru.dmitryX.SkyengTestTask;
				PRODUCT_NAME = "$(TARGET_NAME)";
				SWIFT_EMIT_LOC_STRINGS = YES;
				SWIFT_VERSION = 5.0;
				TARGETED_DEVICE_FAMILY = 1;
			};
			name = Release;
		};
/* End XCBuildConfiguration section */

/* Begin XCConfigurationList section */
		0A8C6F4E2785CAC100E74139 /* Build configuration list for PBXProject "SkyengTestTask" */ = {
			isa = XCConfigurationList;
			buildConfigurations = (
				0A8C6F642785CAC600E74139 /* Debug */,
				0A8C6F652785CAC600E74139 /* Release */,
			);
			defaultConfigurationIsVisible = 0;
			defaultConfigurationName = Release;
		};
		0A8C6F662785CAC600E74139 /* Build configuration list for PBXNativeTarget "SkyengTestTask" */ = {
			isa = XCConfigurationList;
			buildConfigurations = (
				0A8C6F672785CAC600E74139 /* Debug */,
				0A8C6F682785CAC600E74139 /* Release */,
			);
			defaultConfigurationIsVisible = 0;
			defaultConfigurationName = Release;
		};
/* End XCConfigurationList section */
	};
	rootObject = 0A8C6F4B2785CAC100E74139 /* Project object */;
}
